// !$*UTF8*$!
{
	archiveVersion = 1;
	classes = {
	};
	objectVersion = 48;
	objects = {

/* Begin PBXBuildFile section */
		7E96571020B72DFC00B0E406 /* AppDelegate.swift in Sources */ = {isa = PBXBuildFile; fileRef = 7E96570F20B72DFC00B0E406 /* AppDelegate.swift */; };
		7E96571220B72DFC00B0E406 /* ViewController.swift in Sources */ = {isa = PBXBuildFile; fileRef = 7E96571120B72DFC00B0E406 /* ViewController.swift */; };
		7E96571520B72DFC00B0E406 /* Main.storyboard in Resources */ = {isa = PBXBuildFile; fileRef = 7E96571320B72DFC00B0E406 /* Main.storyboard */; };
		7E96571820B72DFC00B0E406 /* StretchySnacks.xcdatamodeld in Sources */ = {isa = PBXBuildFile; fileRef = 7E96571620B72DFC00B0E406 /* StretchySnacks.xcdatamodeld */; };
		7E96571A20B72DFC00B0E406 /* Assets.xcassets in Resources */ = {isa = PBXBuildFile; fileRef = 7E96571920B72DFC00B0E406 /* Assets.xcassets */; };
		7E96571D20B72DFC00B0E406 /* LaunchScreen.storyboard in Resources */ = {isa = PBXBuildFile; fileRef = 7E96571B20B72DFC00B0E406 /* LaunchScreen.storyboard */; };
		7E96572820B72DFD00B0E406 /* StretchySnacksTests.swift in Sources */ = {isa = PBXBuildFile; fileRef = 7E96572720B72DFD00B0E406 /* StretchySnacksTests.swift */; };
		7E96573520B7565100B0E406 /* TableViewCell.swift in Sources */ = {isa = PBXBuildFile; fileRef = 7E96573420B7565100B0E406 /* TableViewCell.swift */; };
/* End PBXBuildFile section */

/* Begin PBXContainerItemProxy section */
		7E96572420B72DFD00B0E406 /* PBXContainerItemProxy */ = {
			isa = PBXContainerItemProxy;
			containerPortal = 7E96570420B72DFC00B0E406 /* Project object */;
			proxyType = 1;
			remoteGlobalIDString = 7E96570B20B72DFC00B0E406;
			remoteInfo = StretchySnacks;
		};
/* End PBXContainerItemProxy section */

/* Begin PBXFileReference section */
		7E96570C20B72DFC00B0E406 /* StretchySnacks.app */ = {isa = PBXFileReference; explicitFileType = wrapper.application; includeInIndex = 0; path = StretchySnacks.app; sourceTree = BUILT_PRODUCTS_DIR; };
		7E96570F20B72DFC00B0E406 /* AppDelegate.swift */ = {isa = PBXFileReference; lastKnownFileType = sourcecode.swift; path = AppDelegate.swift; sourceTree = "<group>"; };
		7E96571120B72DFC00B0E406 /* ViewController.swift */ = {isa = PBXFileReference; lastKnownFileType = sourcecode.swift; path = ViewController.swift; sourceTree = "<group>"; };
		7E96571420B72DFC00B0E406 /* Base */ = {isa = PBXFileReference; lastKnownFileType = file.storyboard; name = Base; path = Base.lproj/Main.storyboard; sourceTree = "<group>"; };
		7E96571720B72DFC00B0E406 /* StretchySnacks.xcdatamodel */ = {isa = PBXFileReference; lastKnownFileType = wrapper.xcdatamodel; path = StretchySnacks.xcdatamodel; sourceTree = "<group>"; };
		7E96571920B72DFC00B0E406 /* Assets.xcassets */ = {isa = PBXFileReference; lastKnownFileType = folder.assetcatalog; path = Assets.xcassets; sourceTree = "<group>"; };
		7E96571C20B72DFC00B0E406 /* Base */ = {isa = PBXFileReference; lastKnownFileType = file.storyboard; name = Base; path = Base.lproj/LaunchScreen.storyboard; sourceTree = "<group>"; };
		7E96571E20B72DFC00B0E406 /* Info.plist */ = {isa = PBXFileReference; lastKnownFileType = text.plist.xml; path = Info.plist; sourceTree = "<group>"; };
		7E96572320B72DFD00B0E406 /* StretchySnacksTests.xctest */ = {isa = PBXFileReference; explicitFileType = wrapper.cfbundle; includeInIndex = 0; path = StretchySnacksTests.xctest; sourceTree = BUILT_PRODUCTS_DIR; };
		7E96572720B72DFD00B0E406 /* StretchySnacksTests.swift */ = {isa = PBXFileReference; lastKnownFileType = sourcecode.swift; path = StretchySnacksTests.swift; sourceTree = "<group>"; };
		7E96572920B72DFD00B0E406 /* Info.plist */ = {isa = PBXFileReference; lastKnownFileType = text.plist.xml; path = Info.plist; sourceTree = "<group>"; };
		7E96573420B7565100B0E406 /* TableViewCell.swift */ = {isa = PBXFileReference; lastKnownFileType = sourcecode.swift; path = TableViewCell.swift; sourceTree = "<group>"; };
/* End PBXFileReference section */

/* Begin PBXFrameworksBuildPhase section */
		7E96570920B72DFC00B0E406 /* Frameworks */ = {
			isa = PBXFrameworksBuildPhase;
			buildActionMask = 2147483647;
			files = (
			);
			runOnlyForDeploymentPostprocessing = 0;
		};
		7E96572020B72DFD00B0E406 /* Frameworks */ = {
			isa = PBXFrameworksBuildPhase;
			buildActionMask = 2147483647;
			files = (
			);
			runOnlyForDeploymentPostprocessing = 0;
		};
/* End PBXFrameworksBuildPhase section */

/* Begin PBXGroup section */
		7E96570320B72DFC00B0E406 = {
			isa = PBXGroup;
			children = (
				7E96570E20B72DFC00B0E406 /* StretchySnacks */,
				7E96572620B72DFD00B0E406 /* StretchySnacksTests */,
				7E96570D20B72DFC00B0E406 /* Products */,
			);
			sourceTree = "<group>";
		};
		7E96570D20B72DFC00B0E406 /* Products */ = {
			isa = PBXGroup;
			children = (
				7E96570C20B72DFC00B0E406 /* StretchySnacks.app */,
				7E96572320B72DFD00B0E406 /* StretchySnacksTests.xctest */,
			);
			name = Products;
			sourceTree = "<group>";
		};
		7E96570E20B72DFC00B0E406 /* StretchySnacks */ = {
			isa = PBXGroup;
			children = (
				7E96570F20B72DFC00B0E406 /* AppDelegate.swift */,
				7E96571120B72DFC00B0E406 /* ViewController.swift */,
				7E96571320B72DFC00B0E406 /* Main.storyboard */,
				7E96573420B7565100B0E406 /* TableViewCell.swift */,
				7E96571920B72DFC00B0E406 /* Assets.xcassets */,
				7E96571B20B72DFC00B0E406 /* LaunchScreen.storyboard */,
				7E96571E20B72DFC00B0E406 /* Info.plist */,
				7E96571620B72DFC00B0E406 /* StretchySnacks.xcdatamodeld */,
			);
			path = StretchySnacks;
			sourceTree = "<group>";
		};
		7E96572620B72DFD00B0E406 /* StretchySnacksTests */ = {
			isa = PBXGroup;
			children = (
				7E96572720B72DFD00B0E406 /* StretchySnacksTests.swift */,
				7E96572920B72DFD00B0E406 /* Info.plist */,
			);
			path = StretchySnacksTests;
			sourceTree = "<group>";
		};
/* End PBXGroup section */

/* Begin PBXNativeTarget section */
		7E96570B20B72DFC00B0E406 /* StretchySnacks */ = {
			isa = PBXNativeTarget;
			buildConfigurationList = 7E96572C20B72DFD00B0E406 /* Build configuration list for PBXNativeTarget "StretchySnacks" */;
			buildPhases = (
				7E96570820B72DFC00B0E406 /* Sources */,
				7E96570920B72DFC00B0E406 /* Frameworks */,
				7E96570A20B72DFC00B0E406 /* Resources */,
			);
			buildRules = (
			);
			dependencies = (
			);
			name = StretchySnacks;
			productName = StretchySnacks;
			productReference = 7E96570C20B72DFC00B0E406 /* StretchySnacks.app */;
			productType = "com.apple.product-type.application";
		};
		7E96572220B72DFD00B0E406 /* StretchySnacksTests */ = {
			isa = PBXNativeTarget;
			buildConfigurationList = 7E96572F20B72DFD00B0E406 /* Build configuration list for PBXNativeTarget "StretchySnacksTests" */;
			buildPhases = (
				7E96571F20B72DFD00B0E406 /* Sources */,
				7E96572020B72DFD00B0E406 /* Frameworks */,
				7E96572120B72DFD00B0E406 /* Resources */,
			);
			buildRules = (
			);
			dependencies = (
				7E96572520B72DFD00B0E406 /* PBXTargetDependency */,
			);
			name = StretchySnacksTests;
			productName = StretchySnacksTests;
			productReference = 7E96572320B72DFD00B0E406 /* StretchySnacksTests.xctest */;
			productType = "com.apple.product-type.bundle.unit-test";
		};
/* End PBXNativeTarget section */

/* Begin PBXProject section */
		7E96570420B72DFC00B0E406 /* Project object */ = {
			isa = PBXProject;
			attributes = {
				LastSwiftUpdateCheck = 0920;
				LastUpgradeCheck = 0920;
				ORGANIZATIONNAME = "Tyler Boudreau";
				TargetAttributes = {
					7E96570B20B72DFC00B0E406 = {
						CreatedOnToolsVersion = 9.2;
						ProvisioningStyle = Automatic;
					};
					7E96572220B72DFD00B0E406 = {
						CreatedOnToolsVersion = 9.2;
						ProvisioningStyle = Automatic;
						TestTargetID = 7E96570B20B72DFC00B0E406;
					};
				};
			};
			buildConfigurationList = 7E96570720B72DFC00B0E406 /* Build configuration list for PBXProject "StretchySnacks" */;
			compatibilityVersion = "Xcode 8.0";
			developmentRegion = en;
			hasScannedForEncodings = 0;
			knownRegions = (
				en,
				Base,
			);
			mainGroup = 7E96570320B72DFC00B0E406;
			productRefGroup = 7E96570D20B72DFC00B0E406 /* Products */;
			projectDirPath = "";
			projectRoot = "";
			targets = (
				7E96570B20B72DFC00B0E406 /* StretchySnacks */,
				7E96572220B72DFD00B0E406 /* StretchySnacksTests */,
			);
		};
/* End PBXProject section */

/* Begin PBXResourcesBuildPhase section */
		7E96570A20B72DFC00B0E406 /* Resources */ = {
			isa = PBXResourcesBuildPhase;
			buildActionMask = 2147483647;
			files = (
				7E96571D20B72DFC00B0E406 /* LaunchScreen.storyboard in Resources */,
				7E96571A20B72DFC00B0E406 /* Assets.xcassets in Resources */,
				7E96571520B72DFC00B0E406 /* Main.storyboard in Resources */,
			);
			runOnlyForDeploymentPostprocessing = 0;
		};
		7E96572120B72DFD00B0E406 /* Resources */ = {
			isa = PBXResourcesBuildPhase;
			buildActionMask = 2147483647;
			files = (
			);
			runOnlyForDeploymentPostprocessing = 0;
		};
/* End PBXResourcesBuildPhase section */

/* Begin PBXSourcesBuildPhase section */
		7E96570820B72DFC00B0E406 /* Sources */ = {
			isa = PBXSourcesBuildPhase;
			buildActionMask = 2147483647;
			files = (
				7E96571820B72DFC00B0E406 /* StretchySnacks.xcdatamodeld in Sources */,
				7E96573520B7565100B0E406 /* TableViewCell.swift in Sources */,
				7E96571220B72DFC00B0E406 /* ViewController.swift in Sources */,
				7E96571020B72DFC00B0E406 /* AppDelegate.swift in Sources */,
			);
			runOnlyForDeploymentPostprocessing = 0;
		};
		7E96571F20B72DFD00B0E406 /* Sources */ = {
			isa = PBXSourcesBuildPhase;
			buildActionMask = 2147483647;
			files = (
				7E96572820B72DFD00B0E406 /* StretchySnacksTests.swift in Sources */,
			);
			runOnlyForDeploymentPostprocessing = 0;
		};
/* End PBXSourcesBuildPhase section */

/* Begin PBXTargetDependency section */
		7E96572520B72DFD00B0E406 /* PBXTargetDependency */ = {
			isa = PBXTargetDependency;
			target = 7E96570B20B72DFC00B0E406 /* StretchySnacks */;
			targetProxy = 7E96572420B72DFD00B0E406 /* PBXContainerItemProxy */;
		};
/* End PBXTargetDependency section */

/* Begin PBXVariantGroup section */
		7E96571320B72DFC00B0E406 /* Main.storyboard */ = {
			isa = PBXVariantGroup;
			children = (
				7E96571420B72DFC00B0E406 /* Base */,
			);
			name = Main.storyboard;
			sourceTree = "<group>";
		};
		7E96571B20B72DFC00B0E406 /* LaunchScreen.storyboard */ = {
			isa = PBXVariantGroup;
			children = (
				7E96571C20B72DFC00B0E406 /* Base */,
			);
			name = LaunchScreen.storyboard;
			sourceTree = "<group>";
		};
/* End PBXVariantGroup section */

/* Begin XCBuildConfiguration section */
		7E96572A20B72DFD00B0E406 /* Debug */ = {
			isa = XCBuildConfiguration;
			buildSettings = {
				ALWAYS_SEARCH_USER_PATHS = NO;
				CLANG_ANALYZER_NONNULL = YES;
				CLANG_ANALYZER_NUMBER_OBJECT_CONVERSION = YES_AGGRESSIVE;
				CLANG_CXX_LANGUAGE_STANDARD = "gnu++14";
				CLANG_CXX_LIBRARY = "libc++";
				CLANG_ENABLE_MODULES = YES;
				CLANG_ENABLE_OBJC_ARC = YES;
				CLANG_WARN_BLOCK_CAPTURE_AUTORELEASING = YES;
				CLANG_WARN_BOOL_CONVERSION = YES;
				CLANG_WARN_COMMA = YES;
				CLANG_WARN_CONSTANT_CONVERSION = YES;
				CLANG_WARN_DIRECT_OBJC_ISA_USAGE = YES_ERROR;
				CLANG_WARN_DOCUMENTATION_COMMENTS = YES;
				CLANG_WARN_EMPTY_BODY = YES;
				CLANG_WARN_ENUM_CONVERSION = YES;
				CLANG_WARN_INFINITE_RECURSION = YES;
				CLANG_WARN_INT_CONVERSION = YES;
				CLANG_WARN_NON_LITERAL_NULL_CONVERSION = YES;
				CLANG_WARN_OBJC_LITERAL_CONVERSION = YES;
				CLANG_WARN_OBJC_ROOT_CLASS = YES_ERROR;
				CLANG_WARN_RANGE_LOOP_ANALYSIS = YES;
				CLANG_WARN_STRICT_PROTOTYPES = YES;
				CLANG_WARN_SUSPICIOUS_MOVE = YES;
				CLANG_WARN_UNGUARDED_AVAILABILITY = YES_AGGRESSIVE;
				CLANG_WARN_UNREACHABLE_CODE = YES;
				CLANG_WARN__DUPLICATE_METHOD_MATCH = YES;
				CODE_SIGN_IDENTITY = "iPhone Developer";
				COPY_PHASE_STRIP = NO;
				DEBUG_INFORMATION_FORMAT = dwarf;
				ENABLE_STRICT_OBJC_MSGSEND = YES;
				ENABLE_TESTABILITY = YES;
				GCC_C_LANGUAGE_STANDARD = gnu11;
				GCC_DYNAMIC_NO_PIC = NO;
				GCC_NO_COMMON_BLOCKS = YES;
				GCC_OPTIMIZATION_LEVEL = 0;
				GCC_PREPROCESSOR_DEFINITIONS = (
					"DEBUG=1",
					"$(inherited)",
				);
				GCC_WARN_64_TO_32_BIT_CONVERSION = YES;
				GCC_WARN_ABOUT_RETURN_TYPE = YES_ERROR;
				GCC_WARN_UNDECLARED_SELECTOR = YES;
				GCC_WARN_UNINITIALIZED_AUTOS = YES_AGGRESSIVE;
				GCC_WARN_UNUSED_FUNCTION = YES;
				GCC_WARN_UNUSED_VARIABLE = YES;
				IPHONEOS_DEPLOYMENT_TARGET = 11.2;
				MTL_ENABLE_DEBUG_INFO = YES;
				ONLY_ACTIVE_ARCH = YES;
				SDKROOT = iphoneos;
				SWIFT_ACTIVE_COMPILATION_CONDITIONS = DEBUG;
				SWIFT_OPTIMIZATION_LEVEL = "-Onone";
			};
			name = Debug;
		};
		7E96572B20B72DFD00B0E406 /* Release */ = {
			isa = XCBuildConfiguration;
			buildSettings = {
				ALWAYS_SEARCH_USER_PATHS = NO;
				CLANG_ANALYZER_NONNULL = YES;
				CLANG_ANALYZER_NUMBER_OBJECT_CONVERSION = YES_AGGRESSIVE;
				CLANG_CXX_LANGUAGE_STANDARD = "gnu++14";
				CLANG_CXX_LIBRARY = "libc++";
				CLANG_ENABLE_MODULES = YES;
				CLANG_ENABLE_OBJC_ARC = YES;
				CLANG_WARN_BLOCK_CAPTURE_AUTORELEASING = YES;
				CLANG_WARN_BOOL_CONVERSION = YES;
				CLANG_WARN_COMMA = YES;
				CLANG_WARN_CONSTANT_CONVERSION = YES;
				CLANG_WARN_DIRECT_OBJC_ISA_USAGE = YES_ERROR;
				CLANG_WARN_DOCUMENTATION_COMMENTS = YES;
				CLANG_WARN_EMPTY_BODY = YES;
				CLANG_WARN_ENUM_CONVERSION = YES;
				CLANG_WARN_INFINITE_RECURSION = YES;
				CLANG_WARN_INT_CONVERSION = YES;
				CLANG_WARN_NON_LITERAL_NULL_CONVERSION = YES;
				CLANG_WARN_OBJC_LITERAL_CONVERSION = YES;
				CLANG_WARN_OBJC_ROOT_CLASS = YES_ERROR;
				CLANG_WARN_RANGE_LOOP_ANALYSIS = YES;
				CLANG_WARN_STRICT_PROTOTYPES = YES;
				CLANG_WARN_SUSPICIOUS_MOVE = YES;
				CLANG_WARN_UNGUARDED_AVAILABILITY = YES_AGGRESSIVE;
				CLANG_WARN_UNREACHABLE_CODE = YES;
				CLANG_WARN__DUPLICATE_METHOD_MATCH = YES;
				CODE_SIGN_IDENTITY = "iPhone Developer";
				COPY_PHASE_STRIP = NO;
				DEBUG_INFORMATION_FORMAT = "dwarf-with-dsym";
				ENABLE_NS_ASSERTIONS = NO;
				ENABLE_STRICT_OBJC_MSGSEND = YES;
				GCC_C_LANGUAGE_STANDARD = gnu11;
				GCC_NO_COMMON_BLOCKS = YES;
				GCC_WARN_64_TO_32_BIT_CONVERSION = YES;
				GCC_WARN_ABOUT_RETURN_TYPE = YES_ERROR;
				GCC_WARN_UNDECLARED_SELECTOR = YES;
				GCC_WARN_UNINITIALIZED_AUTOS = YES_AGGRESSIVE;
				GCC_WARN_UNUSED_FUNCTION = YES;
				GCC_WARN_UNUSED_VARIABLE = YES;
				IPHONEOS_DEPLOYMENT_TARGET = 11.2;
				MTL_ENABLE_DEBUG_INFO = NO;
				SDKROOT = iphoneos;
				SWIFT_OPTIMIZATION_LEVEL = "-Owholemodule";
				VALIDATE_PRODUCT = YES;
			};
			name = Release;
		};
		7E96572D20B72DFD00B0E406 /* Debug */ = {
			isa = XCBuildConfiguration;
			buildSettings = {
				ASSETCATALOG_COMPILER_APPICON_NAME = AppIcon;
				CODE_SIGN_STYLE = Automatic;
				INFOPLIST_FILE = StretchySnacks/Info.plist;
				LD_RUNPATH_SEARCH_PATHS = "$(inherited) @executable_path/Frameworks";
				PRODUCT_BUNDLE_IDENTIFIER = com.tylerboudreau.StretchySnacks;
				PRODUCT_NAME = "$(TARGET_NAME)";
				SWIFT_VERSION = 4.0;
				TARGETED_DEVICE_FAMILY = "1,2";
			};
			name = Debug;
		};
		7E96572E20B72DFD00B0E406 /* Release */ = {
			isa = XCBuildConfiguration;
			buildSettings = {
				ASSETCATALOG_COMPILER_APPICON_NAME = AppIcon;
				CODE_SIGN_STYLE = Automatic;
				INFOPLIST_FILE = StretchySnacks/Info.plist;
				LD_RUNPATH_SEARCH_PATHS = "$(inherited) @executable_path/Frameworks";
				PRODUCT_BUNDLE_IDENTIFIER = com.tylerboudreau.StretchySnacks;
				PRODUCT_NAME = "$(TARGET_NAME)";
				SWIFT_VERSION = 4.0;
				TARGETED_DEVICE_FAMILY = "1,2";
			};
			name = Release;
		};
		7E96573020B72DFD00B0E406 /* Debug */ = {
			isa = XCBuildConfiguration;
			buildSettings = {
				ALWAYS_EMBED_SWIFT_STANDARD_LIBRARIES = YES;
				BUNDLE_LOADER = "$(TEST_HOST)";
				CODE_SIGN_STYLE = Automatic;
				INFOPLIST_FILE = StretchySnacksTests/Info.plist;
				LD_RUNPATH_SEARCH_PATHS = "$(inherited) @executable_path/Frameworks @loader_path/Frameworks";
				PRODUCT_BUNDLE_IDENTIFIER = com.tylerboudreau.StretchySnacksTests;
				PRODUCT_NAME = "$(TARGET_NAME)";
				SWIFT_VERSION = 4.0;
				TARGETED_DEVICE_FAMILY = "1,2";
				TEST_HOST = "$(BUILT_PRODUCTS_DIR)/StretchySnacks.app/StretchySnacks";
			};
			name = Debug;
		};
		7E96573120B72DFD00B0E406 /* Release */ = {
			isa = XCBuildConfiguration;
			buildSettings = {
				ALWAYS_EMBED_SWIFT_STANDARD_LIBRARIES = YES;
				BUNDLE_LOADER = "$(TEST_HOST)";
				CODE_SIGN_STYLE = Automatic;
				INFOPLIST_FILE = StretchySnacksTests/Info.plist;
				LD_RUNPATH_SEARCH_PATHS = "$(inherited) @executable_path/Frameworks @loader_path/Frameworks";
				PRODUCT_BUNDLE_IDENTIFIER = com.tylerboudreau.StretchySnacksTests;
				PRODUCT_NAME = "$(TARGET_NAME)";
				SWIFT_VERSION = 4.0;
				TARGETED_DEVICE_FAMILY = "1,2";
				TEST_HOST = "$(BUILT_PRODUCTS_DIR)/StretchySnacks.app/StretchySnacks";
			};
			name = Release;
		};
/* End XCBuildConfiguration section */

/* Begin XCConfigurationList section */
		7E96570720B72DFC00B0E406 /* Build configuration list for PBXProject "StretchySnacks" */ = {
			isa = XCConfigurationList;
			buildConfigurations = (
				7E96572A20B72DFD00B0E406 /* Debug */,
				7E96572B20B72DFD00B0E406 /* Release */,
			);
			defaultConfigurationIsVisible = 0;
			defaultConfigurationName = Release;
		};
		7E96572C20B72DFD00B0E406 /* Build configuration list for PBXNativeTarget "StretchySnacks" */ = {
			isa = XCConfigurationList;
			buildConfigurations = (
				7E96572D20B72DFD00B0E406 /* Debug */,
				7E96572E20B72DFD00B0E406 /* Release */,
			);
			defaultConfigurationIsVisible = 0;
			defaultConfigurationName = Release;
		};
		7E96572F20B72DFD00B0E406 /* Build configuration list for PBXNativeTarget "StretchySnacksTests" */ = {
			isa = XCConfigurationList;
			buildConfigurations = (
				7E96573020B72DFD00B0E406 /* Debug */,
				7E96573120B72DFD00B0E406 /* Release */,
			);
			defaultConfigurationIsVisible = 0;
			defaultConfigurationName = Release;
		};
/* End XCConfigurationList section */

/* Begin XCVersionGroup section */
		7E96571620B72DFC00B0E406 /* StretchySnacks.xcdatamodeld */ = {
			isa = XCVersionGroup;
			children = (
				7E96571720B72DFC00B0E406 /* StretchySnacks.xcdatamodel */,
			);
			currentVersion = 7E96571720B72DFC00B0E406 /* StretchySnacks.xcdatamodel */;
			path = StretchySnacks.xcdatamodeld;
			sourceTree = "<group>";
			versionGroupType = wrapper.xcdatamodel;
		};
/* End XCVersionGroup section */
	};
	rootObject = 7E96570420B72DFC00B0E406 /* Project object */;
}
